
Microsoft Visual Studio Solution File, Format Version 12.00
# Visual Studio Version 17
VisualStudioVersion = 17.11.35312.102
MinimumVisualStudioVersion = 10.0.40219.1
Project("{FAE04EC0-301F-11D3-BF4B-00C04F79EFBC}") = "Spotify Tool", "Spotify Tool.csproj", "{42B497DA-1EED-4A14-8141-F53794904895}"
EndProject
Global
	GlobalSection(SolutionConfigurationPlatforms) = preSolution
		Debug|Any CPU = Debug|Any CPU
		Release|Any CPU = Release|Any CPU
	EndGlobalSection
	GlobalSection(ProjectConfigurationPlatforms) = postSolution
		{42B497DA-1EED-4A14-8141-F53794904895}.Debug|Any CPU.ActiveCfg = Debug|Any CPU
		{42B497DA-1EED-4A14-8141-F53794904895}.Debug|Any CPU.Build.0 = Debug|Any CPU
		{42B497DA-1EED-4A14-8141-F53794904895}.Release|Any CPU.ActiveCfg = Release|Any CPU
		{42B497DA-1EED-4A14-8141-F53794904895}.Release|Any CPU.Build.0 = Release|Any CPU
	EndGlobalSection
	GlobalSection(SolutionProperties) = preSolution
		HideSolutionNode = FALSE
	EndGlobalSection
	GlobalSection(ExtensibilityGlobals) = postSolution
		SolutionGuid = {68C927F3-FA3F-4ACD-B1B8-88561BA405B1}
	EndGlobalSection
EndGlobal
